
Microsoft Visual Studio Solution File, Format Version 12.00
# Visual Studio Version 17
VisualStudioVersion = 17.13.35828.75 d17.13
MinimumVisualStudioVersion = 10.0.40219.1
Project("{FAE04EC0-301F-11D3-BF4B-00C04F79EFBC}") = "BlazorChat", "BlazorChat\BlazorChat.csproj", "{E0793E9B-4D7E-48DF-A200-FA6995367CF7}"
EndProject
Global
	GlobalSection(SolutionConfigurationPlatforms) = preSolution
		Debug|Any CPU = Debug|Any CPU
		Release|Any CPU = Release|Any CPU
	EndGlobalSection
	GlobalSection(ProjectConfigurationPlatforms) = postSolution
		{E0793E9B-4D7E-48DF-A200-FA6995367CF7}.Debug|Any CPU.ActiveCfg = Debug|Any CPU
		{E0793E9B-4D7E-48DF-A200-FA6995367CF7}.Debug|Any CPU.Build.0 = Debug|Any CPU
		{E0793E9B-4D7E-48DF-A200-FA6995367CF7}.Release|Any CPU.ActiveCfg = Release|Any CPU
		{E0793E9B-4D7E-48DF-A200-FA6995367CF7}.Release|Any CPU.Build.0 = Release|Any CPU
	EndGlobalSection
	GlobalSection(SolutionProperties) = preSolution
		HideSolutionNode = FALSE
	EndGlobalSection
	GlobalSection(ExtensibilityGlobals) = postSolution
		SolutionGuid = {21F0DC8F-4179-4A5C-82E4-0C23AE548EF2}
	EndGlobalSection
EndGlobal
